
Microsoft Visual Studio Solution File, Format Version 12.00
Project("{FAE04EC0-301F-11D3-BF4B-00C04F79EFBC}") = "SmartHouse", "SmartHouse\SmartHouse.csproj", "{AD42D366-52AB-4644-9AC3-6C6B2A97E484}"
EndProject
Project("{FAE04EC0-301F-11D3-BF4B-00C04F79EFBC}") = "Domain.Devices", "Domain.Devices\Domain.Devices.csproj", "{D9A7C8DF-10BC-441E-8A03-B17790D33074}"
EndProject
Project("{FAE04EC0-301F-11D3-BF4B-00C04F79EFBC}") = "Domain.Rooms", "Domain.Rooms\Domain.Rooms.csproj", "{B891DF18-858B-40C9-8D51-8D3269E7A988}"
EndProject
Project("{FAE04EC0-301F-11D3-BF4B-00C04F79EFBC}") = "Persistance", "Persistance\Persistance.csproj", "{F1AE8254-F59F-475D-8880-B51FAD77DA7F}"
EndProject
Global
	GlobalSection(SolutionConfigurationPlatforms) = preSolution
		Debug|Any CPU = Debug|Any CPU
		Release|Any CPU = Release|Any CPU
	EndGlobalSection
	GlobalSection(ProjectConfigurationPlatforms) = postSolution
		{AD42D366-52AB-4644-9AC3-6C6B2A97E484}.Debug|Any CPU.ActiveCfg = Debug|Any CPU
		{AD42D366-52AB-4644-9AC3-6C6B2A97E484}.Debug|Any CPU.Build.0 = Debug|Any CPU
		{AD42D366-52AB-4644-9AC3-6C6B2A97E484}.Release|Any CPU.ActiveCfg = Release|Any CPU
		{AD42D366-52AB-4644-9AC3-6C6B2A97E484}.Release|Any CPU.Build.0 = Release|Any CPU
		{D9A7C8DF-10BC-441E-8A03-B17790D33074}.Debug|Any CPU.ActiveCfg = Debug|Any CPU
		{D9A7C8DF-10BC-441E-8A03-B17790D33074}.Debug|Any CPU.Build.0 = Debug|Any CPU
		{D9A7C8DF-10BC-441E-8A03-B17790D33074}.Release|Any CPU.ActiveCfg = Release|Any CPU
		{D9A7C8DF-10BC-441E-8A03-B17790D33074}.Release|Any CPU.Build.0 = Release|Any CPU
		{B891DF18-858B-40C9-8D51-8D3269E7A988}.Debug|Any CPU.ActiveCfg = Debug|Any CPU
		{B891DF18-858B-40C9-8D51-8D3269E7A988}.Debug|Any CPU.Build.0 = Debug|Any CPU
		{B891DF18-858B-40C9-8D51-8D3269E7A988}.Release|Any CPU.ActiveCfg = Release|Any CPU
		{B891DF18-858B-40C9-8D51-8D3269E7A988}.Release|Any CPU.Build.0 = Release|Any CPU
		{F1AE8254-F59F-475D-8880-B51FAD77DA7F}.Debug|Any CPU.ActiveCfg = Debug|Any CPU
		{F1AE8254-F59F-475D-8880-B51FAD77DA7F}.Debug|Any CPU.Build.0 = Debug|Any CPU
		{F1AE8254-F59F-475D-8880-B51FAD77DA7F}.Release|Any CPU.ActiveCfg = Release|Any CPU
		{F1AE8254-F59F-475D-8880-B51FAD77DA7F}.Release|Any CPU.Build.0 = Release|Any CPU
	EndGlobalSection
EndGlobal
